
Microsoft Visual Studio Solution File, Format Version 12.00
# Visual Studio Version 17
VisualStudioVersion = 17.2.32516.85
MinimumVisualStudioVersion = 10.0.40219.1
Project("{9A19103F-16F7-4668-BE54-9A1E7A4F7556}") = "OrderApiServices", "OrderApiServices.csproj", "{DD71BB8D-4412-475A-BA24-A1B8A575662E}"
EndProject
Global
	GlobalSection(SolutionConfigurationPlatforms) = preSolution
		Debug|Any CPU = Debug|Any CPU
		Release|Any CPU = Release|Any CPU
	EndGlobalSection
	GlobalSection(ProjectConfigurationPlatforms) = postSolution
		{DD71BB8D-4412-475A-BA24-A1B8A575662E}.Debug|Any CPU.ActiveCfg = Debug|Any CPU
		{DD71BB8D-4412-475A-BA24-A1B8A575662E}.Debug|Any CPU.Build.0 = Debug|Any CPU
		{DD71BB8D-4412-475A-BA24-A1B8A575662E}.Release|Any CPU.ActiveCfg = Release|Any CPU
		{DD71BB8D-4412-475A-BA24-A1B8A575662E}.Release|Any CPU.Build.0 = Release|Any CPU
	EndGlobalSection
	GlobalSection(SolutionProperties) = preSolution
		HideSolutionNode = FALSE
	EndGlobalSection
	GlobalSection(ExtensibilityGlobals) = postSolution
		SolutionGuid = {95CD3095-5F03-4EEB-89CB-8F4408DBB09B}
	EndGlobalSection
EndGlobal
